// !$*UTF8*$!
{
	archiveVersion = 1;
	classes = {
	};
	objectVersion = 77;
	objects = {

/* Begin PBXBuildFile section */
		100F96582FA216C7004CBD00 /* GoogleSignIn in Frameworks */ = {isa = PBXBuildFile; productRef = 100F96572FA216C7004CBD00 /* GoogleSignIn */; };
		100F965A2FA216C7004CBD00 /* GoogleSignInSwift in Frameworks */ = {isa = PBXBuildFile; productRef = 100F96592FA216C7004CBD00 /* GoogleSignInSwift */; };
		100F965D2FA219B6004CBD00 /* FirebaseAI in Frameworks */ = {isa = PBXBuildFile; productRef = 100F965C2FA219B6004CBD00 /* FirebaseAI */; };
		100F965F2FA219B6004CBD00 /* FirebaseAILogic in Frameworks */ = {isa = PBXBuildFile; productRef = 100F965E2FA219B6004CBD00 /* FirebaseAILogic */; };
		100F96612FA219B6004CBD00 /* FirebaseAnalytics in Frameworks */ = {isa = PBXBuildFile; productRef = 100F96602FA219B6004CBD00 /* FirebaseAnalytics */; };
		100F96632FA219B6004CBD00 /* FirebaseAnalyticsCore in Frameworks */ = {isa = PBXBuildFile; productRef = 100F96622FA219B6004CBD00 /* FirebaseAnalyticsCore */; };
		100F96652FA219B6004CBD00 /* FirebaseAnalyticsIdentitySupport in Frameworks */ = {isa = PBXBuildFile; productRef = 100F96642FA219B6004CBD00 /* FirebaseAnalyticsIdentitySupport */; };
		100F96672FA219B6004CBD00 /* FirebaseAppCheck in Frameworks */ = {isa = PBXBuildFile; productRef = 100F96662FA219B6004CBD00 /* FirebaseAppCheck */; };
		100F96692FA219B6004CBD00 /* FirebaseAppDistribution-Beta in Frameworks */ = {isa = PBXBuildFile; productRef = 100F96682FA219B6004CBD00 /* FirebaseAppDistribution-Beta */; };
		100F966B2FA219B6004CBD00 /* FirebaseAuth in Frameworks */ = {isa = PBXBuildFile; productRef = 100F966A2FA219B6004CBD00 /* FirebaseAuth */; };
		100F966D2FA219B6004CBD00 /* FirebaseAuthCombine-Community in Frameworks */ = {isa = PBXBuildFile; productRef = 100F966C2FA219B6004CBD00 /* FirebaseAuthCombine-Community */; };
		100F966F2FA219B6004CBD00 /* FirebaseCore in Frameworks */ = {isa = PBXBuildFile; productRef = 100F966E2FA219B6004CBD00 /* FirebaseCore */; };
		100F96712FA219B6004CBD00 /* FirebaseCrashlytics in Frameworks */ = {isa = PBXBuildFile; productRef = 100F96702FA219B6004CBD00 /* FirebaseCrashlytics */; };
		100F96732FA219B6004CBD00 /* FirebaseDatabase in Frameworks */ = {isa = PBXBuildFile; productRef = 100F96722FA219B6004CBD00 /* FirebaseDatabase */; };
		100F96752FA219B6004CBD00 /* FirebaseFirestore in Frameworks */ = {isa = PBXBuildFile; productRef = 100F96742FA219B6004CBD00 /* FirebaseFirestore */; };
		100F96772FA219B6004CBD00 /* FirebaseFirestoreCombine-Community in Frameworks */ = {isa = PBXBuildFile; productRef = 100F96762FA219B6004CBD00 /* FirebaseFirestoreCombine-Community */; };
		100F96792FA219B6004CBD00 /* FirebaseFunctions in Frameworks */ = {isa = PBXBuildFile; productRef = 100F96782FA219B6004CBD00 /* FirebaseFunctions */; };
		100F967B2FA219B6004CBD00 /* FirebaseFunctionsCombine-Community in Frameworks */ = {isa = PBXBuildFile; productRef = 100F967A2FA219B6004CBD00 /* FirebaseFunctionsCombine-Community */; };
		100F967D2FA219B6004CBD00 /* FirebaseInAppMessaging-Beta in Frameworks */ = {isa = PBXBuildFile; productRef = 100F967C2FA219B6004CBD00 /* FirebaseInAppMessaging-Beta */; };
		100F967F2FA219B6004CBD00 /* FirebaseInstallations in Frameworks */ = {isa = PBXBuildFile; productRef = 100F967E2FA219B6004CBD00 /* FirebaseInstallations */; };
		100F96812FA219B6004CBD00 /* FirebaseMLModelDownloader in Frameworks */ = {isa = PBXBuildFile; productRef = 100F96802FA219B6004CBD00 /* FirebaseMLModelDownloader */; };
		100F96832FA219B6004CBD00 /* FirebaseMessaging in Frameworks */ = {isa = PBXBuildFile; productRef = 100F96822FA219B6004CBD00 /* FirebaseMessaging */; };
		100F96852FA219B6004CBD00 /* FirebasePerformance in Frameworks */ = {isa = PBXBuildFile; productRef = 100F96842FA219B6004CBD00 /* FirebasePerformance */; };
		100F96872FA219B6004CBD00 /* FirebaseRemoteConfig in Frameworks */ = {isa = PBXBuildFile; productRef = 100F96862FA219B6004CBD00 /* FirebaseRemoteConfig */; };
		100F96892FA219B6004CBD00 /* FirebaseStorage in Frameworks */ = {isa = PBXBuildFile; productRef = 100F96882FA219B6004CBD00 /* FirebaseStorage */; };
		100F968B2FA219B6004CBD00 /* FirebaseStorageCombine-Community in Frameworks */ = {isa = PBXBuildFile; productRef = 100F968A2FA219B6004CBD00 /* FirebaseStorageCombine-Community */; };
		1085D14C2FAA010600A08B6B /* DGCharts in Frameworks */ = {isa = PBXBuildFile; productRef = 1085D14B2FAA010600A08B6B /* DGCharts */; };
/* End PBXBuildFile section */

/* Begin PBXFileReference section */
		1054DE822F9F266500299144 /* AMS_System.app */ = {isa = PBXFileReference; explicitFileType = wrapper.application; includeInIndex = 0; path = AMS_System.app; sourceTree = BUILT_PRODUCTS_DIR; };
/* End PBXFileReference section */

/* Begin PBXFileSystemSynchronizedBuildFileExceptionSet section */
		1054DE942F9F266700299144 /* Exceptions for "AMS_System" folder in "AMS_System" target */ = {
			isa = PBXFileSystemSynchronizedBuildFileExceptionSet;
			membershipExceptions = (
				Info.plist,
			);
			target = 1054DE812F9F266500299144 /* AMS_System */;
		};
/* End PBXFileSystemSynchronizedBuildFileExceptionSet section */

/* Begin PBXFileSystemSynchronizedRootGroup section */
		1054DE842F9F266500299144 /* AMS_System */ = {
			isa = PBXFileSystemSynchronizedRootGroup;
			exceptions = (
				1054DE942F9F266700299144 /* Exceptions for "AMS_System" folder in "AMS_System" target */,
			);
			path = AMS_System;
			sourceTree = "<group>";
		};
/* End PBXFileSystemSynchronizedRootGroup section */

/* Begin PBXFrameworksBuildPhase section */
		1054DE7F2F9F266500299144 /* Frameworks */ = {
			isa = PBXFrameworksBuildPhase;
			buildActionMask = 2147483647;
			files = (
				100F96792FA219B6004CBD00 /* FirebaseFunctions in Frameworks */,
				100F96672FA219B6004CBD00 /* FirebaseAppCheck in Frameworks */,
				100F966B2FA219B6004CBD00 /* FirebaseAuth in Frameworks */,
				100F96892FA219B6004CBD00 /* FirebaseStorage in Frameworks */,
				100F965F2FA219B6004CBD00 /* FirebaseAILogic in Frameworks */,
				100F96632FA219B6004CBD00 /* FirebaseAnalyticsCore in Frameworks */,
				100F965A2FA216C7004CBD00 /* GoogleSignInSwift in Frameworks */,
				100F96812FA219B6004CBD00 /* FirebaseMLModelDownloader in Frameworks */,
				100F96652FA219B6004CBD00 /* FirebaseAnalyticsIdentitySupport in Frameworks */,
				100F966D2FA219B6004CBD00 /* FirebaseAuthCombine-Community in Frameworks */,
				100F96582FA216C7004CBD00 /* GoogleSignIn in Frameworks */,
				100F96752FA219B6004CBD00 /* FirebaseFirestore in Frameworks */,
				100F96772FA219B6004CBD00 /* FirebaseFirestoreCombine-Community in Frameworks */,
				100F967D2FA219B6004CBD00 /* FirebaseInAppMessaging-Beta in Frameworks */,
				100F967B2FA219B6004CBD00 /* FirebaseFunctionsCombine-Community in Frameworks */,
				100F96612FA219B6004CBD00 /* FirebaseAnalytics in Frameworks */,
				1085D14C2FAA010600A08B6B /* DGCharts in Frameworks */,
				100F968B2FA219B6004CBD00 /* FirebaseStorageCombine-Community in Frameworks */,
				100F96872FA219B6004CBD00 /* FirebaseRemoteConfig in Frameworks */,
				100F96712FA219B6004CBD00 /* FirebaseCrashlytics in Frameworks */,
				100F965D2FA219B6004CBD00 /* FirebaseAI in Frameworks */,
				100F96852FA219B6004CBD00 /* FirebasePerformance in Frameworks */,
				100F966F2FA219B6004CBD00 /* FirebaseCore in Frameworks */,
				100F96732FA219B6004CBD00 /* FirebaseDatabase in Frameworks */,
				100F96692FA219B6004CBD00 /* FirebaseAppDistribution-Beta in Frameworks */,
				100F96832FA219B6004CBD00 /* FirebaseMessaging in Frameworks */,
				100F967F2FA219B6004CBD00 /* FirebaseInstallations in Frameworks */,
			);
			runOnlyForDeploymentPostprocessing = 0;
		};
/* End PBXFrameworksBuildPhase section */

/* Begin PBXGroup section */
		1054DE792F9F266500299144 = {
			isa = PBXGroup;
			children = (
				1054DE842F9F266500299144 /* AMS_System */,
				1054DE832F9F266500299144 /* Products */,
			);
			sourceTree = "<group>";
		};
		1054DE832F9F266500299144 /* Products */ = {
			isa = PBXGroup;
			children = (
				1054DE822F9F266500299144 /* AMS_System.app */,
			);
			name = Products;
			sourceTree = "<group>";
		};
/* End PBXGroup section */

/* Begin PBXNativeTarget section */
		1054DE812F9F266500299144 /* AMS_System */ = {
			isa = PBXNativeTarget;
			buildConfigurationList = 1054DE952F9F266700299144 /* Build configuration list for PBXNativeTarget "AMS_System" */;
			buildPhases = (
				1054DE7E2F9F266500299144 /* Sources */,
				1054DE7F2F9F266500299144 /* Frameworks */,
				1054DE802F9F266500299144 /* Resources */,
			);
			buildRules = (
			);
			dependencies = (
			);
			fileSystemSynchronizedGroups = (
				1054DE842F9F266500299144 /* AMS_System */,
			);
			name = AMS_System;
			packageProductDependencies = (
				100F96572FA216C7004CBD00 /* GoogleSignIn */,
				100F96592FA216C7004CBD00 /* GoogleSignInSwift */,
				100F965C2FA219B6004CBD00 /* FirebaseAI */,
				100F965E2FA219B6004CBD00 /* FirebaseAILogic */,
				100F96602FA219B6004CBD00 /* FirebaseAnalytics */,
				100F96622FA219B6004CBD00 /* FirebaseAnalyticsCore */,
				100F96642FA219B6004CBD00 /* FirebaseAnalyticsIdentitySupport */,
				100F96662FA219B6004CBD00 /* FirebaseAppCheck */,
				100F96682FA219B6004CBD00 /* FirebaseAppDistribution-Beta */,
				100F966A2FA219B6004CBD00 /* FirebaseAuth */,
				100F966C2FA219B6004CBD00 /* FirebaseAuthCombine-Community */,
				100F966E2FA219B6004CBD00 /* FirebaseCore */,
				100F96702FA219B6004CBD00 /* FirebaseCrashlytics */,
				100F96722FA219B6004CBD00 /* FirebaseDatabase */,
				100F96742FA219B6004CBD00 /* FirebaseFirestore */,
				100F96762FA219B6004CBD00 /* FirebaseFirestoreCombine-Community */,
				100F96782FA219B6004CBD00 /* FirebaseFunctions */,
				100F967A2FA219B6004CBD00 /* FirebaseFunctionsCombine-Community */,
				100F967C2FA219B6004CBD00 /* FirebaseInAppMessaging-Beta */,
				100F967E2FA219B6004CBD00 /* FirebaseInstallations */,
				100F96802FA219B6004CBD00 /* FirebaseMLModelDownloader */,
				100F96822FA219B6004CBD00 /* FirebaseMessaging */,
				100F96842FA219B6004CBD00 /* FirebasePerformance */,
				100F96862FA219B6004CBD00 /* FirebaseRemoteConfig */,
				100F96882FA219B6004CBD00 /* FirebaseStorage */,
				100F968A2FA219B6004CBD00 /* FirebaseStorageCombine-Community */,
				1085D14B2FAA010600A08B6B /* DGCharts */,
			);
			productName = AMS_System;
			productReference = 1054DE822F9F266500299144 /* AMS_System.app */;
			productType = "com.apple.product-type.application";
		};
/* End PBXNativeTarget section */

/* Begin PBXProject section */
		1054DE7A2F9F266500299144 /* Project object */ = {
			isa = PBXProject;
			attributes = {
				BuildIndependentTargetsInParallel = 1;
				LastSwiftUpdateCheck = 2640;
				LastUpgradeCheck = 2640;
				TargetAttributes = {
					1054DE812F9F266500299144 = {
						CreatedOnToolsVersion = 26.4.1;
					};
				};
			};
			buildConfigurationList = 1054DE7D2F9F266500299144 /* Build configuration list for PBXProject "AMS_System" */;
			developmentRegion = en;
			hasScannedForEncodings = 0;
			knownRegions = (
				en,
				Base,
			);
			mainGroup = 1054DE792F9F266500299144;
			minimizedProjectReferenceProxies = 1;
			packageReferences = (
				100F96562FA216C7004CBD00 /* XCRemoteSwiftPackageReference "GoogleSignIn-iOS" */,
				100F965B2FA219B6004CBD00 /* XCRemoteSwiftPackageReference "firebase-ios-sdk" */,
				1085D14A2FAA010600A08B6B /* XCRemoteSwiftPackageReference "Charts" */,
			);
			preferredProjectObjectVersion = 77;
			productRefGroup = 1054DE832F9F266500299144 /* Products */;
			projectDirPath = "";
			projectRoot = "";
			targets = (
				1054DE812F9F266500299144 /* AMS_System */,
			);
		};
/* End PBXProject section */

/* Begin PBXResourcesBuildPhase section */
		1054DE802F9F266500299144 /* Resources */ = {
			isa = PBXResourcesBuildPhase;
			buildActionMask = 2147483647;
			files = (
			);
			runOnlyForDeploymentPostprocessing = 0;
		};
/* End PBXResourcesBuildPhase section */

/* Begin PBXSourcesBuildPhase section */
		1054DE7E2F9F266500299144 /* Sources */ = {
			isa = PBXSourcesBuildPhase;
			buildActionMask = 2147483647;
			files = (
			);
			runOnlyForDeploymentPostprocessing = 0;
		};
/* End PBXSourcesBuildPhase section */

/* Begin XCBuildConfiguration section */
		1054DE962F9F266700299144 /* Debug */ = {
			isa = XCBuildConfiguration;
			buildSettings = {
				ASSETCATALOG_COMPILER_APPICON_NAME = AppIcon;
				ASSETCATALOG_COMPILER_GLOBAL_ACCENT_COLOR_NAME = AccentColor;
				CODE_SIGN_STYLE = Automatic;
				CURRENT_PROJECT_VERSION = 1;
				DEVELOPMENT_TEAM = LFR364W3LU;
				GENERATE_INFOPLIST_FILE = YES;
				INFOPLIST_FILE = AMS_System/Info.plist;
				INFOPLIST_KEY_UIApplicationSupportsIndirectInputEvents = YES;
				INFOPLIST_KEY_UILaunchStoryboardName = LaunchScreen;
				INFOPLIST_KEY_UIMainStoryboardFile = Main;
				INFOPLIST_KEY_UISupportedInterfaceOrientations_iPad = "UIInterfaceOrientationPortrait UIInterfaceOrientationPortraitUpsideDown UIInterfaceOrientationLandscapeLeft UIInterfaceOrientationLandscapeRight";
				INFOPLIST_KEY_UISupportedInterfaceOrientations_iPhone = "UIInterfaceOrientationPortrait UIInterfaceOrientationLandscapeLeft UIInterfaceOrientationLandscapeRight";
				LD_RUNPATH_SEARCH_PATHS = (
					"$(inherited)",
					"@executable_path/Frameworks",
				);
				MARKETING_VERSION = 1.0;
				PRODUCT_BUNDLE_IDENTIFIER = "com.hammad.AMS-System";
				PRODUCT_NAME = "$(TARGET_NAME)";
				STRING_CATALOG_GENERATE_SYMBOLS = YES;
				SWIFT_APPROACHABLE_CONCURRENCY = YES;
				SWIFT_DEFAULT_ACTOR_ISOLATION = MainActor;
				SWIFT_EMIT_LOC_STRINGS = YES;
				SWIFT_UPCOMING_FEATURE_MEMBER_IMPORT_VISIBILITY = YES;
				SWIFT_VERSION = 5.0;
				TARGETED_DEVICE_FAMILY = "1,2";
			};
			name = Debug;
		};
		1054DE972F9F266700299144 /* Release */ = {
			isa = XCBuildConfiguration;
			buildSettings = {
				ASSETCATALOG_COMPILER_APPICON_NAME = AppIcon;
				ASSETCATALOG_COMPILER_GLOBAL_ACCENT_COLOR_NAME = AccentColor;
				CODE_SIGN_STYLE = Automatic;
				CURRENT_PROJECT_VERSION = 1;
				DEVELOPMENT_TEAM = LFR364W3LU;
				GENERATE_INFOPLIST_FILE = YES;
				INFOPLIST_FILE = AMS_System/Info.plist;
				INFOPLIST_KEY_UIApplicationSupportsIndirectInputEvents = YES;
				INFOPLIST_KEY_UILaunchStoryboardName = LaunchScreen;
				INFOPLIST_KEY_UIMainStoryboardFile = Main;
				INFOPLIST_KEY_UISupportedInterfaceOrientations_iPad = "UIInterfaceOrientationPortrait UIInterfaceOrientationPortraitUpsideDown UIInterfaceOrientationLandscapeLeft UIInterfaceOrientationLandscapeRight";
				INFOPLIST_KEY_UISupportedInterfaceOrientations_iPhone = "UIInterfaceOrientationPortrait UIInterfaceOrientationLandscapeLeft UIInterfaceOrientationLandscapeRight";
				LD_RUNPATH_SEARCH_PATHS = (
					"$(inherited)",
					"@executable_path/Frameworks",
				);
				MARKETING_VERSION = 1.0;
				PRODUCT_BUNDLE_IDENTIFIER = "com.hammad.AMS-System";
				PRODUCT_NAME = "$(TARGET_NAME)";
				STRING_CATALOG_GENERATE_SYMBOLS = YES;
				SWIFT_APPROACHABLE_CONCURRENCY = YES;
				SWIFT_DEFAULT_ACTOR_ISOLATION = MainActor;
				SWIFT_EMIT_LOC_STRINGS = YES;
				SWIFT_UPCOMING_FEATURE_MEMBER_IMPORT_VISIBILITY = YES;
				SWIFT_VERSION = 5.0;
				TARGETED_DEVICE_FAMILY = "1,2";
			};
			name = Release;
		};
		1054DE982F9F266700299144 /* Debug */ = {
			isa = XCBuildConfiguration;
			buildSettings = {
				ALWAYS_SEARCH_USER_PATHS = NO;
				ASSETCATALOG_COMPILER_GENERATE_SWIFT_ASSET_SYMBOL_EXTENSIONS = YES;
				CLANG_ANALYZER_NONNULL = YES;
				CLANG_ANALYZER_NUMBER_OBJECT_CONVERSION = YES_AGGRESSIVE;
				CLANG_CXX_LANGUAGE_STANDARD = "gnu++20";
				CLANG_ENABLE_MODULES = YES;
				CLANG_ENABLE_OBJC_ARC = YES;
				CLANG_ENABLE_OBJC_WEAK = YES;
				CLANG_WARN_BLOCK_CAPTURE_AUTORELEASING = YES;
				CLANG_WARN_BOOL_CONVERSION = YES;
				CLANG_WARN_COMMA = YES;
				CLANG_WARN_CONSTANT_CONVERSION = YES;
				CLANG_WARN_DEPRECATED_OBJC_IMPLEMENTATIONS = YES;
				CLANG_WARN_DIRECT_OBJC_ISA_USAGE = YES_ERROR;
				CLANG_WARN_DOCUMENTATION_COMMENTS = YES;
				CLANG_WARN_EMPTY_BODY = YES;
				CLANG_WARN_ENUM_CONVERSION = YES;
				CLANG_WARN_INFINITE_RECURSION = YES;
				CLANG_WARN_INT_CONVERSION = YES;
				CLANG_WARN_NON_LITERAL_NULL_CONVERSION = YES;
				CLANG_WARN_OBJC_IMPLICIT_RETAIN_SELF = YES;
				CLANG_WARN_OBJC_LITERAL_CONVERSION = YES;
				CLANG_WARN_OBJC_ROOT_CLASS = YES_ERROR;
				CLANG_WARN_QUOTED_INCLUDE_IN_FRAMEWORK_HEADER = YES;
				CLANG_WARN_RANGE_LOOP_ANALYSIS = YES;
				CLANG_WARN_STRICT_PROTOTYPES = YES;
				CLANG_WARN_SUSPICIOUS_MOVE = YES;
				CLANG_WARN_UNGUARDED_AVAILABILITY = YES_AGGRESSIVE;
				CLANG_WARN_UNREACHABLE_CODE = YES;
				CLANG_WARN__DUPLICATE_METHOD_MATCH = YES;
				COPY_PHASE_STRIP = NO;
				DEBUG_INFORMATION_FORMAT = dwarf;
				DEVELOPMENT_TEAM = LFR364W3LU;
				ENABLE_STRICT_OBJC_MSGSEND = YES;
				ENABLE_TESTABILITY = YES;
				ENABLE_USER_SCRIPT_SANDBOXING = YES;
				GCC_C_LANGUAGE_STANDARD = gnu17;
				GCC_DYNAMIC_NO_PIC = NO;
				GCC_NO_COMMON_BLOCKS = YES;
				GCC_OPTIMIZATION_LEVEL = 0;
				GCC_PREPROCESSOR_DEFINITIONS = (
					"DEBUG=1",
					"$(inherited)",
				);
				GCC_WARN_64_TO_32_BIT_CONVERSION = YES;
				GCC_WARN_ABOUT_RETURN_TYPE = YES_ERROR;
				GCC_WARN_UNDECLARED_SELECTOR = YES;
				GCC_WARN_UNINITIALIZED_AUTOS = YES_AGGRESSIVE;
				GCC_WARN_UNUSED_FUNCTION = YES;
				GCC_WARN_UNUSED_VARIABLE = YES;
				IPHONEOS_DEPLOYMENT_TARGET = 26.4;
				LOCALIZATION_PREFERS_STRING_CATALOGS = YES;
				MTL_ENABLE_DEBUG_INFO = INCLUDE_SOURCE;
				MTL_FAST_MATH = YES;
				ONLY_ACTIVE_ARCH = YES;
				SDKROOT = iphoneos;
				SWIFT_ACTIVE_COMPILATION_CONDITIONS = "DEBUG $(inherited)";
				SWIFT_OPTIMIZATION_LEVEL = "-Onone";
			};
			name = Debug;
		};
		1054DE992F9F266700299144 /* Release */ = {
			isa = XCBuildConfiguration;
			buildSettings = {
				ALWAYS_SEARCH_USER_PATHS = NO;
				ASSETCATALOG_COMPILER_GENERATE_SWIFT_ASSET_SYMBOL_EXTENSIONS = YES;
				CLANG_ANALYZER_NONNULL = YES;
				CLANG_ANALYZER_NUMBER_OBJECT_CONVERSION = YES_AGGRESSIVE;
				CLANG_CXX_LANGUAGE_STANDARD = "gnu++20";
				CLANG_ENABLE_MODULES = YES;
				CLANG_ENABLE_OBJC_ARC = YES;
				CLANG_ENABLE_OBJC_WEAK = YES;
				CLANG_WARN_BLOCK_CAPTURE_AUTORELEASING = YES;
				CLANG_WARN_BOOL_CONVERSION = YES;
				CLANG_WARN_COMMA = YES;
				CLANG_WARN_CONSTANT_CONVERSION = YES;
				CLANG_WARN_DEPRECATED_OBJC_IMPLEMENTATIONS = YES;
				CLANG_WARN_DIRECT_OBJC_ISA_USAGE = YES_ERROR;
				CLANG_WARN_DOCUMENTATION_COMMENTS = YES;
				CLANG_WARN_EMPTY_BODY = YES;
				CLANG_WARN_ENUM_CONVERSION = YES;
				CLANG_WARN_INFINITE_RECURSION = YES;
				CLANG_WARN_INT_CONVERSION = YES;
				CLANG_WARN_NON_LITERAL_NULL_CONVERSION = YES;
				CLANG_WARN_OBJC_IMPLICIT_RETAIN_SELF = YES;
				CLANG_WARN_OBJC_LITERAL_CONVERSION = YES;
				CLANG_WARN_OBJC_ROOT_CLASS = YES_ERROR;
				CLANG_WARN_QUOTED_INCLUDE_IN_FRAMEWORK_HEADER = YES;
				CLANG_WARN_RANGE_LOOP_ANALYSIS = YES;
				CLANG_WARN_STRICT_PROTOTYPES = YES;
				CLANG_WARN_SUSPICIOUS_MOVE = YES;
				CLANG_WARN_UNGUARDED_AVAILABILITY = YES_AGGRESSIVE;
				CLANG_WARN_UNREACHABLE_CODE = YES;
				CLANG_WARN__DUPLICATE_METHOD_MATCH = YES;
				COPY_PHASE_STRIP = NO;
				DEBUG_INFORMATION_FORMAT = "dwarf-with-dsym";
				DEVELOPMENT_TEAM = LFR364W3LU;
				ENABLE_NS_ASSERTIONS = NO;
				ENABLE_STRICT_OBJC_MSGSEND = YES;
				ENABLE_USER_SCRIPT_SANDBOXING = YES;
				GCC_C_LANGUAGE_STANDARD = gnu17;
				GCC_NO_COMMON_BLOCKS = YES;
				GCC_WARN_64_TO_32_BIT_CONVERSION = YES;
				GCC_WARN_ABOUT_RETURN_TYPE = YES_ERROR;
				GCC_WARN_UNDECLARED_SELECTOR = YES;
				GCC_WARN_UNINITIALIZED_AUTOS = YES_AGGRESSIVE;
				GCC_WARN_UNUSED_FUNCTION = YES;
				GCC_WARN_UNUSED_VARIABLE = YES;
				IPHONEOS_DEPLOYMENT_TARGET = 26.4;
				LOCALIZATION_PREFERS_STRING_CATALOGS = YES;
				MTL_ENABLE_DEBUG_INFO = NO;
				MTL_FAST_MATH = YES;
				SDKROOT = iphoneos;
				SWIFT_COMPILATION_MODE = wholemodule;
				VALIDATE_PRODUCT = YES;
			};
			name = Release;
		};
/* End XCBuildConfiguration section */

/* Begin XCConfigurationList section */
		1054DE7D2F9F266500299144 /* Build configuration list for PBXProject "AMS_System" */ = {
			isa = XCConfigurationList;
			buildConfigurations = (
				1054DE982F9F266700299144 /* Debug */,
				1054DE992F9F266700299144 /* Release */,
			);
			defaultConfigurationIsVisible = 0;
			defaultConfigurationName = Release;
		};
		1054DE952F9F266700299144 /* Build configuration list for PBXNativeTarget "AMS_System" */ = {
			isa = XCConfigurationList;
			buildConfigurations = (
				1054DE962F9F266700299144 /* Debug */,
				1054DE972F9F266700299144 /* Release */,
			);
			defaultConfigurationIsVisible = 0;
			defaultConfigurationName = Release;
		};
/* End XCConfigurationList section */

/* Begin XCRemoteSwiftPackageReference section */
		100F96562FA216C7004CBD00 /* XCRemoteSwiftPackageReference "GoogleSignIn-iOS" */ = {
			isa = XCRemoteSwiftPackageReference;
			repositoryURL = "https://github.com/google/GoogleSignIn-iOS";
			requirement = {
				kind = upToNextMajorVersion;
				minimumVersion = 9.1.0;
			};
		};
		100F965B2FA219B6004CBD00 /* XCRemoteSwiftPackageReference "firebase-ios-sdk" */ = {
			isa = XCRemoteSwiftPackageReference;
			repositoryURL = "https://github.com/firebase/firebase-ios-sdk.git";
			requirement = {
				kind = upToNextMajorVersion;
				minimumVersion = 12.12.1;
			};
		};
		1085D14A2FAA010600A08B6B /* XCRemoteSwiftPackageReference "Charts" */ = {
			isa = XCRemoteSwiftPackageReference;
			repositoryURL = "https://github.com/danielgindi/Charts";
			requirement = {
				kind = upToNextMajorVersion;
				minimumVersion = 5.1.0;
			};
		};
/* End XCRemoteSwiftPackageReference section */

/* Begin XCSwiftPackageProductDependency section */
		100F96572FA216C7004CBD00 /* GoogleSignIn */ = {
			isa = XCSwiftPackageProductDependency;
			package = 100F96562FA216C7004CBD00 /* XCRemoteSwiftPackageReference "GoogleSignIn-iOS" */;
			productName = GoogleSignIn;
		};
		100F96592FA216C7004CBD00 /* GoogleSignInSwift */ = {
			isa = XCSwiftPackageProductDependency;
			package = 100F96562FA216C7004CBD00 /* XCRemoteSwiftPackageReference "GoogleSignIn-iOS" */;
			productName = GoogleSignInSwift;
		};
		100F965C2FA219B6004CBD00 /* FirebaseAI */ = {
			isa = XCSwiftPackageProductDependency;
			package = 100F965B2FA219B6004CBD00 /* XCRemoteSwiftPackageReference "firebase-ios-sdk" */;
			productName = FirebaseAI;
		};
		100F965E2FA219B6004CBD00 /* FirebaseAILogic */ = {
			isa = XCSwiftPackageProductDependency;
			package = 100F965B2FA219B6004CBD00 /* XCRemoteSwiftPackageReference "firebase-ios-sdk" */;
			productName = FirebaseAILogic;
		};
		100F96602FA219B6004CBD00 /* FirebaseAnalytics */ = {
			isa = XCSwiftPackageProductDependency;
			package = 100F965B2FA219B6004CBD00 /* XCRemoteSwiftPackageReference "firebase-ios-sdk" */;
			productName = FirebaseAnalytics;
		};
		100F96622FA219B6004CBD00 /* FirebaseAnalyticsCore */ = {
			isa = XCSwiftPackageProductDependency;
			package = 100F965B2FA219B6004CBD00 /* XCRemoteSwiftPackageReference "firebase-ios-sdk" */;
			productName = FirebaseAnalyticsCore;
		};
		100F96642FA219B6004CBD00 /* FirebaseAnalyticsIdentitySupport */ = {
			isa = XCSwiftPackageProductDependency;
			package = 100F965B2FA219B6004CBD00 /* XCRemoteSwiftPackageReference "firebase-ios-sdk" */;
			productName = FirebaseAnalyticsIdentitySupport;
		};
		100F96662FA219B6004CBD00 /* FirebaseAppCheck */ = {
			isa = XCSwiftPackageProductDependency;
			package = 100F965B2FA219B6004CBD00 /* XCRemoteSwiftPackageReference "firebase-ios-sdk" */;
			productName = FirebaseAppCheck;
		};
		100F96682FA219B6004CBD00 /* FirebaseAppDistribution-Beta */ = {
			isa = XCSwiftPackageProductDependency;
			package = 100F965B2FA219B6004CBD00 /* XCRemoteSwiftPackageReference "firebase-ios-sdk" */;
			productName = "FirebaseAppDistribution-Beta";
		};
		100F966A2FA219B6004CBD00 /* FirebaseAuth */ = {
			isa = XCSwiftPackageProductDependency;
			package = 100F965B2FA219B6004CBD00 /* XCRemoteSwiftPackageReference "firebase-ios-sdk" */;
			productName = FirebaseAuth;
		};
		100F966C2FA219B6004CBD00 /* FirebaseAuthCombine-Community */ = {
			isa = XCSwiftPackageProductDependency;
			package = 100F965B2FA219B6004CBD00 /* XCRemoteSwiftPackageReference "firebase-ios-sdk" */;
			productName = "FirebaseAuthCombine-Community";
		};
		100F966E2FA219B6004CBD00 /* FirebaseCore */ = {
			isa = XCSwiftPackageProductDependency;
			package = 100F965B2FA219B6004CBD00 /* XCRemoteSwiftPackageReference "firebase-ios-sdk" */;
			productName = FirebaseCore;
		};
		100F96702FA219B6004CBD00 /* FirebaseCrashlytics */ = {
			isa = XCSwiftPackageProductDependency;
			package = 100F965B2FA219B6004CBD00 /* XCRemoteSwiftPackageReference "firebase-ios-sdk" */;
			productName = FirebaseCrashlytics;
		};
		100F96722FA219B6004CBD00 /* FirebaseDatabase */ = {
			isa = XCSwiftPackageProductDependency;
			package = 100F965B2FA219B6004CBD00 /* XCRemoteSwiftPackageReference "firebase-ios-sdk" */;
			productName = FirebaseDatabase;
		};
		100F96742FA219B6004CBD00 /* FirebaseFirestore */ = {
			isa = XCSwiftPackageProductDependency;
			package = 100F965B2FA219B6004CBD00 /* XCRemoteSwiftPackageReference "firebase-ios-sdk" */;
			productName = FirebaseFirestore;
		};
		100F96762FA219B6004CBD00 /* FirebaseFirestoreCombine-Community */ = {
			isa = XCSwiftPackageProductDependency;
			package = 100F965B2FA219B6004CBD00 /* XCRemoteSwiftPackageReference "firebase-ios-sdk" */;
			productName = "FirebaseFirestoreCombine-Community";
		};
		100F96782FA219B6004CBD00 /* FirebaseFunctions */ = {
			isa = XCSwiftPackageProductDependency;
			package = 100F965B2FA219B6004CBD00 /* XCRemoteSwiftPackageReference "firebase-ios-sdk" */;
			productName = FirebaseFunctions;
		};
		100F967A2FA219B6004CBD00 /* FirebaseFunctionsCombine-Community */ = {
			isa = XCSwiftPackageProductDependency;
			package = 100F965B2FA219B6004CBD00 /* XCRemoteSwiftPackageReference "firebase-ios-sdk" */;
			productName = "FirebaseFunctionsCombine-Community";
		};
		100F967C2FA219B6004CBD00 /* FirebaseInAppMessaging-Beta */ = {
			isa = XCSwiftPackageProductDependency;
			package = 100F965B2FA219B6004CBD00 /* XCRemoteSwiftPackageReference "firebase-ios-sdk" */;
			productName = "FirebaseInAppMessaging-Beta";
		};
		100F967E2FA219B6004CBD00 /* FirebaseInstallations */ = {
			isa = XCSwiftPackageProductDependency;
			package = 100F965B2FA219B6004CBD00 /* XCRemoteSwiftPackageReference "firebase-ios-sdk" */;
			productName = FirebaseInstallations;
		};
		100F96802FA219B6004CBD00 /* FirebaseMLModelDownloader */ = {
			isa = XCSwiftPackageProductDependency;
			package = 100F965B2FA219B6004CBD00 /* XCRemoteSwiftPackageReference "firebase-ios-sdk" */;
			productName = FirebaseMLModelDownloader;
		};
		100F96822FA219B6004CBD00 /* FirebaseMessaging */ = {
			isa = XCSwiftPackageProductDependency;
			package = 100F965B2FA219B6004CBD00 /* XCRemoteSwiftPackageReference "firebase-ios-sdk" */;
			productName = FirebaseMessaging;
		};
		100F96842FA219B6004CBD00 /* FirebasePerformance */ = {
			isa = XCSwiftPackageProductDependency;
			package = 100F965B2FA219B6004CBD00 /* XCRemoteSwiftPackageReference "firebase-ios-sdk" */;
			productName = FirebasePerformance;
		};
		100F96862FA219B6004CBD00 /* FirebaseRemoteConfig */ = {
			isa = XCSwiftPackageProductDependency;
			package = 100F965B2FA219B6004CBD00 /* XCRemoteSwiftPackageReference "firebase-ios-sdk" */;
			productName = FirebaseRemoteConfig;
		};
		100F96882FA219B6004CBD00 /* FirebaseStorage */ = {
			isa = XCSwiftPackageProductDependency;
			package = 100F965B2FA219B6004CBD00 /* XCRemoteSwiftPackageReference "firebase-ios-sdk" */;
			productName = FirebaseStorage;
		};
		100F968A2FA219B6004CBD00 /* FirebaseStorageCombine-Community */ = {
			isa = XCSwiftPackageProductDependency;
			package = 100F965B2FA219B6004CBD00 /* XCRemoteSwiftPackageReference "firebase-ios-sdk" */;
			productName = "FirebaseStorageCombine-Community";
		};
		1085D14B2FAA010600A08B6B /* DGCharts */ = {
			isa = XCSwiftPackageProductDependency;
			package = 1085D14A2FAA010600A08B6B /* XCRemoteSwiftPackageReference "Charts" */;
			productName = DGCharts;
		};
/* End XCSwiftPackageProductDependency section */
	};
	rootObject = 1054DE7A2F9F266500299144 /* Project object */;
}
